
Microsoft Visual Studio Solution File, Format Version 12.00
# Visual Studio Version 17
VisualStudioVersion = 17.0.32112.339
MinimumVisualStudioVersion = 10.0.40219.1
Project("{9A19103F-16F7-4668-BE54-9A1E7A4F7556}") = "LibraryManagementApplication", "LibraryManagementApplication.csproj", "{3229BB42-2BF6-46B0-B8DE-17BB9ADEBB96}"
EndProject
Global
	GlobalSection(SolutionConfigurationPlatforms) = preSolution
		Debug|Any CPU = Debug|Any CPU
		Release|Any CPU = Release|Any CPU
	EndGlobalSection
	GlobalSection(ProjectConfigurationPlatforms) = postSolution
		{3229BB42-2BF6-46B0-B8DE-17BB9ADEBB96}.Debug|Any CPU.ActiveCfg = Debug|Any CPU
		{3229BB42-2BF6-46B0-B8DE-17BB9ADEBB96}.Debug|Any CPU.Build.0 = Debug|Any CPU
		{3229BB42-2BF6-46B0-B8DE-17BB9ADEBB96}.Release|Any CPU.ActiveCfg = Release|Any CPU
		{3229BB42-2BF6-46B0-B8DE-17BB9ADEBB96}.Release|Any CPU.Build.0 = Release|Any CPU
	EndGlobalSection
	GlobalSection(SolutionProperties) = preSolution
		HideSolutionNode = FALSE
	EndGlobalSection
	GlobalSection(ExtensibilityGlobals) = postSolution
		SolutionGuid = {CF793C3A-2396-4D09-A9DD-4E3850CCAE67}
	EndGlobalSection
EndGlobal
